# This file is automatically @generated by Poetry 1.6.1 and should not be changed by hand.

[[package]]
name = "objprint"
version = "0.2.3"
description = "A library that can print Python objects in human readable format"
optional = false
python-versions = ">=3.6"
files = [
    {file = "objprint-0.2.3-py3-none-any.whl", hash = "sha256:1721e6f97bae5c5b86c2716a0d45a9dd2c9a4cd9f52cfc8a0dfbe801805554cb"},
    {file = "objprint-0.2.3.tar.gz", hash = "sha256:73d0ad5a7c3151fce634c8892e5c2a050ccae3b1a353bf1316f08b7854da863b"},
]

[[package]]
name = "pint"
version = "0.21.1"
description = "Physical quantities module"
optional = false
python-versions = ">=3.8"
files = [
    {file = "Pint-0.21.1-py3-none-any.whl", hash = "sha256:230ebccc312693117ee925c6492b3631c772ae9f7851a4e86080a15e7be692d8"},
    {file = "Pint-0.21.1.tar.gz", hash = "sha256:5d5b6b518d0c5a7ab03a776175db500f1ed1523ee75fb7fafe38af8149431c8d"},
]

[package.extras]
babel = ["babel (<=2.8)"]
dask = ["dask"]
mip = ["mip (>=1.13)"]
numpy = ["numpy (>=1.19.5)"]
pandas = ["pint-pandas (>=0.3)"]
test = ["pytest", "pytest-cov", "pytest-mpl", "pytest-subtests"]
uncertainties = ["uncertainties (>=3.1.6)"]
xarray = ["xarray"]

[[package]]
name = "viztracer"
version = "0.16.0"
description = "A debugging and profiling tool that can trace and visualize python code execution"
optional = false
python-versions = ">=3.8"
files = [
    {file = "viztracer-0.16.0-cp310-cp310-macosx_10_15_x86_64.whl", hash = "sha256:334e303c275bb9da78effa2035dc2109ddbfbdc3ea79dfea766c71081bc4a2f2"},
    {file = "viztracer-0.16.0-cp310-cp310-manylinux_2_17_aarch64.manylinux2014_aarch64.whl", hash = "sha256:c8c477fbebde7c9ea01ebad97ad2c07a487bcd0b84e78a0bb37e56bd2a5c2c83"},
    {file = "viztracer-0.16.0-cp310-cp310-manylinux_2_17_i686.manylinux2014_i686.whl", hash = "sha256:fb3caacff02dcf3c13bcfa69d3c7b2af182f2dca346364e9ca49f9c633d2d070"},
    {file = "viztracer-0.16.0-cp310-cp310-manylinux_2_17_x86_64.manylinux2014_x86_64.whl", hash = "sha256:31c36bf33ed1a7d40e2c92cbf8f30669b5731eed94091106fcca2cea6de13d5f"},
    {file = "viztracer-0.16.0-cp310-cp310-win32.whl", hash = "sha256:79745c6c2a0d715319a743d8bf8c518c96f972dae2acdd7e7b14d737e43521fc"},
    {file = "viztracer-0.16.0-cp310-cp310-win_amd64.whl", hash = "sha256:14f5af5e7386796170b6e05900868a693b997d9fcc29061e767e0c44a226638d"},
    {file = "viztracer-0.16.0-cp311-cp311-macosx_10_15_x86_64.whl", hash = "sha256:70f4456303e671b624fbbabe5be7cdd0faa5afca68b98c51a8bd0959b33c047a"},
    {file = "viztracer-0.16.0-cp311-cp311-manylinux_2_17_aarch64.manylinux2014_aarch64.whl", hash = "sha256:87056eb227b40855d7f3a128779fb26eb957bbfc134c4a76cdfc05a5d93d2492"},
    {file = "viztracer-0.16.0-cp311-cp311-manylinux_2_17_i686.manylinux2014_i686.whl", hash = "sha256:8b3842642efe73d7ede92d29e92c6ee508ddd5b7b1aacbc615b771548a16fa9d"},
    {file = "viztracer-0.16.0-cp311-cp311-manylinux_2_17_x86_64.manylinux2014_x86_64.whl", hash = "sha256:2920f144d55dce1dfb2877f1be99ecad0b4092295d10b804a3b85088a0b41407"},
    {file = "viztracer-0.16.0-cp311-cp311-win32.whl", hash = "sha256:c91b364d09d2b661a97372c985cca0bc644b1575d13942d7e7c60b8e03e0dbba"},
    {file = "viztracer-0.16.0-cp311-cp311-win_amd64.whl", hash = "sha256:d0637df42cde083175fd831cb808a2d2b6634f14121330edf39743d1d9247a4d"},
    {file = "viztracer-0.16.0-cp312-cp312-macosx_10_15_x86_64.whl", hash = "sha256:e9a5fc0040bf81eca44df9e5e93b38f33d1e48c6041288267f909cecf90ca282"},
    {file = "viztracer-0.16.0-cp312-cp312-manylinux_2_17_aarch64.manylinux2014_aarch64.whl", hash = "sha256:2de12b7a3ba47448abfa2969bc57f0ef498da9ca8c351445c2b2fd7ca4d003b1"},
    {file = "viztracer-0.16.0-cp312-cp312-manylinux_2_17_i686.manylinux2014_i686.whl", hash = "sha256:a4652686574f304a97afc4b8ed376fd22832435e105565d2f3ecee6695fb7637"},
    {file = "viztracer-0.16.0-cp312-cp312-manylinux_2_17_x86_64.manylinux2014_x86_64.whl", hash = "sha256:b329a1c6ac7b40d00f14978d63d13d4651fa496882f5ea7764aacb7f0e49c98f"},
    {file = "viztracer-0.16.0-cp312-cp312-win32.whl", hash = "sha256:0cfc8d9d1145215335af21625405dc07692539f41491df0de4f7ecf6b2f51259"},
    {file = "viztracer-0.16.0-cp312-cp312-win_amd64.whl", hash = "sha256:3431e3f4d8346c782a5f388795f41838d6a95f62e85719f8912591b52e9a0828"},
    {file = "viztracer-0.16.0-cp38-cp38-macosx_10_15_x86_64.whl", hash = "sha256:e3bfa351da503b64bb742694b1f0d4c89ba0b84d59b7461c468f9c1f09ceaba1"},
    {file = "viztracer-0.16.0-cp38-cp38-manylinux_2_17_aarch64.manylinux2014_aarch64.whl", hash = "sha256:97e80a118baab28ac0cf69bd17c77c59c6d7b8dc1f7ec5f231d28b8577884aed"},
    {file = "viztracer-0.16.0-cp38-cp38-manylinux_2_17_i686.manylinux2014_i686.whl", hash = "sha256:4b6a71b4d5e93e044cef08412034e5e63d407aafdaf1ab21f0743cf6bdb7d3ef"},
    {file = "viztracer-0.16.0-cp38-cp38-manylinux_2_17_x86_64.manylinux2014_x86_64.whl", hash = "sha256:bc0f389e6f7344484f4280f4324148eeb970cacb2df599a0e7f864755fe0554d"},
    {file = "viztracer-0.16.0-cp38-cp38-win32.whl", hash = "sha256:1bdabe95ea851ba4ee0ff71b36d85ff9f6d82ba863f6ae45a43827d75bfe86a4"},
    {file = "viztracer-0.16.0-cp38-cp38-win_amd64.whl", hash = "sha256:b016d4991bef001864827b22dec24d3b193ed312fa0d07d949c93538ce2e32a6"},
    {file = "viztracer-0.16.0-cp39-cp39-macosx_10_15_x86_64.whl", hash = "sha256:8e9ebae7e1515da9f913e77b4086d676b19c4cc3ca3aa67a210f5cb7aa772fcd"},
    {file = "viztracer-0.16.0-cp39-cp39-manylinux_2_17_aarch64.manylinux2014_aarch64.whl", hash = "sha256:536cc9c23295c45a3b163a1d09d625902f4ecb2ab16669c02a4a23ccb42b1d14"},
    {file = "viztracer-0.16.0-cp39-cp39-manylinux_2_17_i686.manylinux2014_i686.whl", hash = "sha256:169d240e4b32457bd1694019c6c1faf64cf001f04ac684627890fb12f8eaabaa"},
    {file = "viztracer-0.16.0-cp39-cp39-manylinux_2_17_x86_64.manylinux2014_x86_64.whl", hash = "sha256:af94ad611ac0c58b4ac7f50dd1105173c8f38e09f049ecf497b765054769e7db"},
    {file = "viztracer-0.16.0-cp39-cp39-win32.whl", hash = "sha256:626eb1605587a04b65c46b083729ff6af082ce22c2ecc5307a639f5f04339c84"},
    {file = "viztracer-0.16.0-cp39-cp39-win_amd64.whl", hash = "sha256:a5ea63d298c94f084eed34a49722c5b49d14f6e4cbf08e7604634d694ddd732f"},
    {file = "viztracer-0.16.0.tar.gz", hash = "sha256:934a99d4985f4bde23c8039cef4ab248f4b55e799b785c33b55fe314d29fac80"},
]

[package.dependencies]
objprint = ">0.1.3"

[package.extras]
full = ["orjson"]

[metadata]
lock-version = "2.0"
python-versions = ">=3.8"
content-hash = "be5e0b81f17699480e4bb3b94aed70b33641582512ea2b64bd2bfaa13f37cbbf"
